# @generated by Move, please check-in and do not edit manually.

[move]
version = 3
manifest_digest = "F784338008F81C415A3AE91E9BD7277D954D1A770F191845C23582A037CE825D"
deps_digest = "F8BBB0CCB2491CA29A3DF03D6F92277A4F3574266507ACD77214D37ECA3F3082"
dependencies = [
  { id = "Sui", name = "Sui" },
]

[[move.package]]
id = "MoveStdlib"
source = { git = "https://github.com/MystenLabs/sui.git", rev = "framework/testnet", subdir = "crates/sui-framework/packages/move-stdlib" }

[[move.package]]
id = "Sui"
source = { git = "https://github.com/MystenLabs/sui.git", rev = "framework/testnet", subdir = "crates/sui-framework/packages/sui-framework" }

dependencies = [
  { id = "MoveStdlib", name = "MoveStdlib" },
]

[move.toolchain-version]
compiler-version = "1.36.2"
edition = "2024.beta"
flavor = "sui"

[env]

[env.testnet]
chain-id = "4c78adac"
original-published-id = "0x93f37be3ee764a8ee7b929b9c418c50ca7affa67dea06468b9a857fefed15a8b"
latest-published-id = "0x93f37be3ee764a8ee7b929b9c418c50ca7affa67dea06468b9a857fefed15a8b"
published-version = "1"
