# @generated by Move, please check-in and do not edit manually.

[move]
version = 3
manifest_digest = "91DE9BDB6B4156BAC46E693CF37DE394B0FB46ED576D7E4FC6093C367FBFA239"
deps_digest = "F8BBB0CCB2491CA29A3DF03D6F92277A4F3574266507ACD77214D37ECA3F3082"
dependencies = [
  { id = "Sui", name = "Sui" },
]

[[move.package]]
id = "MoveStdlib"
source = { git = "https://github.com/MystenLabs/sui.git", rev = "framework/testnet", subdir = "crates/sui-framework/packages/move-stdlib" }

[[move.package]]
id = "Sui"
source = { git = "https://github.com/MystenLabs/sui.git", rev = "framework/testnet", subdir = "crates/sui-framework/packages/sui-framework" }

dependencies = [
  { id = "MoveStdlib", name = "MoveStdlib" },
]

[move.toolchain-version]
compiler-version = "1.36.2"
edition = "2024.beta"
flavor = "sui"

[env]

[env.testnet]
chain-id = "4c78adac"
original-published-id = "0x1f42f351a7eff92870e28823f9e5dcb39dd34390da3809dae81fcf05cd0a25a1"
latest-published-id = "0x1f42f351a7eff92870e28823f9e5dcb39dd34390da3809dae81fcf05cd0a25a1"
published-version = "1"
