# THIS IS AN AUTOGENERATED FILE. DO NOT EDIT THIS FILE DIRECTLY.
# yarn lockfile v1


"@0no-co/graphql.web@^1.0.5":
  version "1.0.11"
  resolved "https://registry.npmjs.org/@0no-co/graphql.web/-/graphql.web-1.0.11.tgz"
  integrity sha512-xuSJ9WXwTmtngWkbdEoopMo6F8NLtjy84UNAMsAr5C3/2SgAL/dEU10TMqTIsipqPQ8HA/7WzeqQ9DEQxSvPPA==

"@0no-co/graphqlsp@^1.12.13":
  version "1.12.16"
  resolved "https://registry.npmjs.org/@0no-co/graphqlsp/-/graphqlsp-1.12.16.tgz"
  integrity sha512-B5pyYVH93Etv7xjT6IfB7QtMBdaaC07yjbhN6v8H7KgFStMkPvi+oWYBTibMFRMY89qwc9H8YixXg8SXDVgYWw==
  dependencies:
    "@gql.tada/internal" "^1.0.0"
    graphql "^15.5.0 || ^16.0.0 || ^17.0.0"

"@gql.tada/cli-utils@1.6.3":
  version "1.6.3"
  resolved "https://registry.npmjs.org/@gql.tada/cli-utils/-/cli-utils-1.6.3.tgz"
  integrity sha512-jFFSY8OxYeBxdKi58UzeMXG1tdm4FVjXa8WHIi66Gzu9JWtCE6mqom3a8xkmSw+mVaybFW5EN2WXf1WztJVNyQ==
  dependencies:
    "@0no-co/graphqlsp" "^1.12.13"
    "@gql.tada/internal" "1.0.8"
    graphql "^15.5.0 || ^16.0.0 || ^17.0.0"

"@gql.tada/internal@^1.0.0", "@gql.tada/internal@1.0.8":
  version "1.0.8"
  resolved "https://registry.npmjs.org/@gql.tada/internal/-/internal-1.0.8.tgz"
  integrity sha512-XYdxJhtHC5WtZfdDqtKjcQ4d7R1s0d1rnlSs3OcBEUbYiPoJJfZU7tWsVXuv047Z6msvmr4ompJ7eLSK5Km57g==
  dependencies:
    "@0no-co/graphql.web" "^1.0.5"

"@graphql-typed-document-node/core@^3.2.0":
  version "3.2.0"
  resolved "https://registry.npmjs.org/@graphql-typed-document-node/core/-/core-3.2.0.tgz"
  integrity sha512-mB9oAsNCm9aM3/SOv4YtBMqZbYj10R7dkq8byBqxGY/ncFwhf2oQzMV+LCRlWoDSEBJ3COiR1yeDvMtsoOsuFQ==

"@mysten/bcs@1.1.0":
  version "1.1.0"
  resolved "https://registry.npmjs.org/@mysten/bcs/-/bcs-1.1.0.tgz"
  integrity sha512-yy9/1Y4d0FlRywS1+9ze/T7refCbrvwFwJIOKs9M3QBK1njbcHZp+LkVeLqBvIJA5eZ3ZCzmhQ1Xq4Sed5mEBA==
  dependencies:
    bs58 "^6.0.0"

"@mysten/sui@^1.14.1":
  version "1.14.1"
  resolved "https://registry.npmjs.org/@mysten/sui/-/sui-1.14.1.tgz"
  integrity sha512-RWXmJboYHzIzIqSeXrjTQWYL4ZLhdUkwvd/oOiNjAA2GkYxxur3BpMRGf2F5/j6DDZoUSC0So2P6ELe4LbsmLQ==
  dependencies:
    "@graphql-typed-document-node/core" "^3.2.0"
    "@mysten/bcs" "1.1.0"
    "@noble/curves" "^1.4.2"
    "@noble/hashes" "^1.4.0"
    "@scure/bip32" "^1.4.0"
    "@scure/bip39" "^1.3.0"
    "@suchipi/femver" "^1.0.0"
    bech32 "^2.0.0"
    gql.tada "^1.8.2"
    graphql "^16.9.0"
    tweetnacl "^1.0.3"
    valibot "^0.36.0"

"@noble/curves@^1.4.2", "@noble/curves@~1.6.0":
  version "1.6.0"
  resolved "https://registry.npmjs.org/@noble/curves/-/curves-1.6.0.tgz"
  integrity sha512-TlaHRXDehJuRNR9TfZDNQ45mMEd5dwUwmicsafcIX4SsNiqnCHKjE/1alYPd/lDRVhxdhUAlv8uEhMCI5zjIJQ==
  dependencies:
    "@noble/hashes" "1.5.0"

"@noble/hashes@^1.4.0", "@noble/hashes@~1.5.0", "@noble/hashes@1.5.0":
  version "1.5.0"
  resolved "https://registry.npmjs.org/@noble/hashes/-/hashes-1.5.0.tgz"
  integrity sha512-1j6kQFb7QRru7eKN3ZDvRcP13rugwdxZqCjbiAVZfIJwgj2A65UmT4TgARXGlXgnRkORLTDTrO19ZErt7+QXgA==

"@prisma/debug@5.21.1":
  version "5.21.1"
  resolved "https://registry.npmjs.org/@prisma/debug/-/debug-5.21.1.tgz"
  integrity sha512-uY8SAhcnORhvgtOrNdvWS98Aq/nkQ9QDUxrWAgW8XrCZaI3j2X7zb7Xe6GQSh6xSesKffFbFlkw0c2luHQviZA==

"@prisma/engines-version@5.21.1-1.bf0e5e8a04cada8225617067eaa03d041e2bba36":
  version "5.21.1-1.bf0e5e8a04cada8225617067eaa03d041e2bba36"
  resolved "https://registry.npmjs.org/@prisma/engines-version/-/engines-version-5.21.1-1.bf0e5e8a04cada8225617067eaa03d041e2bba36.tgz"
  integrity sha512-qvnEflL0//lh44S/T9NcvTMxfyowNeUxTunPcDfKPjyJNrCNf2F1zQLcUv5UHAruECpX+zz21CzsC7V2xAeM7Q==

"@prisma/engines@5.21.1":
  version "5.21.1"
  resolved "https://registry.npmjs.org/@prisma/engines/-/engines-5.21.1.tgz"
  integrity sha512-hGVTldUkIkTwoV8//hmnAAiAchi4oMEKD3aW5H2RrnI50tTdwza7VQbTTAyN3OIHWlK5DVg6xV7X8N/9dtOydA==
  dependencies:
    "@prisma/debug" "5.21.1"
    "@prisma/engines-version" "5.21.1-1.bf0e5e8a04cada8225617067eaa03d041e2bba36"
    "@prisma/fetch-engine" "5.21.1"
    "@prisma/get-platform" "5.21.1"

"@prisma/fetch-engine@5.21.1":
  version "5.21.1"
  resolved "https://registry.npmjs.org/@prisma/fetch-engine/-/fetch-engine-5.21.1.tgz"
  integrity sha512-70S31vgpCGcp9J+mh/wHtLCkVezLUqe/fGWk3J3JWZIN7prdYSlr1C0niaWUyNK2VflLXYi8kMjAmSxUVq6WGQ==
  dependencies:
    "@prisma/debug" "5.21.1"
    "@prisma/engines-version" "5.21.1-1.bf0e5e8a04cada8225617067eaa03d041e2bba36"
    "@prisma/get-platform" "5.21.1"

"@prisma/get-platform@5.21.1":
  version "5.21.1"
  resolved "https://registry.npmjs.org/@prisma/get-platform/-/get-platform-5.21.1.tgz"
  integrity sha512-sRxjL3Igst3ct+e8ya/x//cDXmpLbZQ5vfps2N4tWl4VGKQAmym77C/IG/psSMsQKszc8uFC/q1dgmKFLUgXZQ==
  dependencies:
    "@prisma/debug" "5.21.1"

"@scure/base@~1.1.7", "@scure/base@~1.1.8":
  version "1.1.9"
  resolved "https://registry.npmjs.org/@scure/base/-/base-1.1.9.tgz"
  integrity sha512-8YKhl8GHiNI/pU2VMaofa2Tor7PJRAjwQLBBuilkJ9L5+13yVbC7JO/wS7piioAvPSwR3JKM1IJ/u4xQzbcXKg==

"@scure/bip32@^1.4.0":
  version "1.5.0"
  resolved "https://registry.npmjs.org/@scure/bip32/-/bip32-1.5.0.tgz"
  integrity sha512-8EnFYkqEQdnkuGBVpCzKxyIwDCBLDVj3oiX0EKUFre/tOjL/Hqba1D6n/8RcmaQy4f95qQFrO2A8Sr6ybh4NRw==
  dependencies:
    "@noble/curves" "~1.6.0"
    "@noble/hashes" "~1.5.0"
    "@scure/base" "~1.1.7"

"@scure/bip39@^1.3.0":
  version "1.4.0"
  resolved "https://registry.npmjs.org/@scure/bip39/-/bip39-1.4.0.tgz"
  integrity sha512-BEEm6p8IueV/ZTfQLp/0vhw4NPnT9oWf5+28nvmeUICjP99f4vr2d+qc7AVGDDtwRep6ifR43Yed9ERVmiITzw==
  dependencies:
    "@noble/hashes" "~1.5.0"
    "@scure/base" "~1.1.8"

"@suchipi/femver@^1.0.0":
  version "1.0.0"
  resolved "https://registry.npmjs.org/@suchipi/femver/-/femver-1.0.0.tgz"
  integrity sha512-bprE8+K5V+DPX7q2e2K57ImqNBdfGHDIWaGI5xHxZoxbKOuQZn4wzPiUxOAHnsUr3w3xHrWXwN7gnG/iIuEMIg==

"@types/node@^22.8.7":
  version "22.8.7"
  resolved "https://registry.npmjs.org/@types/node/-/node-22.8.7.tgz"
  integrity sha512-LidcG+2UeYIWcMuMUpBKOnryBWG/rnmOHQR5apjn8myTQcx3rinFRn7DcIFhMnS0PPFSC6OafdIKEad0lj6U0Q==
  dependencies:
    undici-types "~6.19.8"

base-x@^5.0.0:
  version "5.0.0"
  resolved "https://registry.npmjs.org/base-x/-/base-x-5.0.0.tgz"
  integrity sha512-sMW3VGSX1QWVFA6l8U62MLKz29rRfpTlYdCqLdpLo1/Yd4zZwSbnUaDfciIAowAqvq7YFnWq9hrhdg1KYgc1lQ==

bech32@^2.0.0:
  version "2.0.0"
  resolved "https://registry.npmjs.org/bech32/-/bech32-2.0.0.tgz"
  integrity sha512-LcknSilhIGatDAsY1ak2I8VtGaHNhgMSYVxFrGLXv+xLHytaKZKcaUJJUE7qmBr7h33o5YQwP55pMI0xmkpJwg==

bs58@^6.0.0:
  version "6.0.0"
  resolved "https://registry.npmjs.org/bs58/-/bs58-6.0.0.tgz"
  integrity sha512-PD0wEnEYg6ijszw/u8s+iI3H17cTymlrwkKhDhPZq+Sokl3AU4htyBFTjAeNAlCCmg0f53g6ih3jATyCKftTfw==
  dependencies:
    base-x "^5.0.0"

gql.tada@^1.8.2:
  version "1.8.10"
  resolved "https://registry.npmjs.org/gql.tada/-/gql.tada-1.8.10.tgz"
  integrity sha512-FrvSxgz838FYVPgZHGOSgbpOjhR+yq44rCzww3oOPJYi0OvBJjAgCiP6LEokZIYND2fUTXzQAyLgcvgw1yNP5A==
  dependencies:
    "@0no-co/graphql.web" "^1.0.5"
    "@0no-co/graphqlsp" "^1.12.13"
    "@gql.tada/cli-utils" "1.6.3"
    "@gql.tada/internal" "1.0.8"

"graphql@^0.8.0 || ^0.9.0 || ^0.10.0 || ^0.11.0 || ^0.12.0 || ^0.13.0 || ^14.0.0 || ^15.0.0 || ^16.0.0 || ^17.0.0", "graphql@^14.0.0 || ^15.0.0 || ^16.0.0", "graphql@^15.5.0 || ^16.0.0 || ^17.0.0", graphql@^16.9.0:
  version "16.9.0"
  resolved "https://registry.npmjs.org/graphql/-/graphql-16.9.0.tgz"
  integrity sha512-GGTKBX4SD7Wdb8mqeDLni2oaRGYQWjWHGKPQ24ZMnUtKfcsVoiv4uX8+LJr1K6U5VW2Lu1BwJnj7uiori0YtRw==

prisma@^5.21.1:
  version "5.21.1"
  resolved "https://registry.npmjs.org/prisma/-/prisma-5.21.1.tgz"
  integrity sha512-PB+Iqzld/uQBPaaw2UVIk84kb0ITsLajzsxzsadxxl54eaU5Gyl2/L02ysivHxK89t7YrfQJm+Ggk37uvM70oQ==
  dependencies:
    "@prisma/engines" "5.21.1"
  optionalDependencies:
    fsevents "2.3.3"

tweetnacl@^1.0.3:
  version "1.0.3"
  resolved "https://registry.npmjs.org/tweetnacl/-/tweetnacl-1.0.3.tgz"
  integrity sha512-6rt+RN7aOi1nGMyC4Xa5DdYiukl2UWCbcJft7YhxReBGQD7OAM8Pbxw6YMo4r2diNEA8FEmu32YOn9rhaiE5yw==

typescript@^5.0.0:
  version "5.6.3"
  resolved "https://registry.npmjs.org/typescript/-/typescript-5.6.3.tgz"
  integrity sha512-hjcS1mhfuyi4WW8IWtjP7brDrG2cuDZukyrYrSauoXGNgx0S7zceP07adYkJycEr56BOUTNPzbInooiN3fn1qw==

undici-types@~6.19.8:
  version "6.19.8"
  resolved "https://registry.npmjs.org/undici-types/-/undici-types-6.19.8.tgz"
  integrity sha512-ve2KP6f/JnbPBFyobGHuerC9g1FYGn/F8n1LWTwNxCEzd6IfqTwUQcNXgEtmmQ6DlRrC1hrSrBnCZPokRrDHjw==

valibot@^0.36.0:
  version "0.36.0"
  resolved "https://registry.npmjs.org/valibot/-/valibot-0.36.0.tgz"
  integrity sha512-CjF1XN4sUce8sBK9TixrDqFM7RwNkuXdJu174/AwmQUB62QbCQADg5lLe8ldBalFgtj1uKj+pKwDJiNo4Mn+eQ==
